// !$*UTF8*$!
{
	archiveVersion = 1;
	classes = {
	};
	objectVersion = 51;
	objects = {

/* Begin PBXBuildFile section */
		717BB4E24BD8FDBEFC1E20BA /* Pods_CornellParking.framework in Frameworks */ = {isa = PBXBuildFile; fileRef = 5C941A82D1C1A89ABBF4080D /* Pods_CornellParking.framework */; };
		904E3A9A2383BBF1003DC3FC /* NetworkManager.swift in Sources */ = {isa = PBXBuildFile; fileRef = 904E3A992383BBF1003DC3FC /* NetworkManager.swift */; };
		904E3A9D2383BD3D003DC3FC /* Coordinator.swift in Sources */ = {isa = PBXBuildFile; fileRef = 904E3A9C2383BD3D003DC3FC /* Coordinator.swift */; };
		904E3A9F2383BE50003DC3FC /* MainCoordinator.swift in Sources */ = {isa = PBXBuildFile; fileRef = 904E3A9E2383BE50003DC3FC /* MainCoordinator.swift */; };
		9081FC582383C88F00332E22 /* RoundedButton.swift in Sources */ = {isa = PBXBuildFile; fileRef = 9081FC572383C88F00332E22 /* RoundedButton.swift */; };
		90A2195D2381FE87003027A9 /* AppDelegate.swift in Sources */ = {isa = PBXBuildFile; fileRef = 90A2195C2381FE87003027A9 /* AppDelegate.swift */; };
		90A219632381FE8D003027A9 /* Assets.xcassets in Resources */ = {isa = PBXBuildFile; fileRef = 90A219622381FE8D003027A9 /* Assets.xcassets */; };
		90A219662381FE8D003027A9 /* Preview Assets.xcassets in Resources */ = {isa = PBXBuildFile; fileRef = 90A219652381FE8D003027A9 /* Preview Assets.xcassets */; };
		90A219692381FE8D003027A9 /* LaunchScreen.storyboard in Resources */ = {isa = PBXBuildFile; fileRef = 90A219672381FE8D003027A9 /* LaunchScreen.storyboard */; };
		90AE7A342383B6B40015E665 /* SelectLotViewController.swift in Sources */ = {isa = PBXBuildFile; fileRef = 90AE7A332383B6B40015E665 /* SelectLotViewController.swift */; };
		90AE7A372383B7BF0015E665 /* LotCollectionViewCell.swift in Sources */ = {isa = PBXBuildFile; fileRef = 90AE7A362383B7BF0015E665 /* LotCollectionViewCell.swift */; };
		90AE7A392383B7D60015E665 /* Lot.swift in Sources */ = {isa = PBXBuildFile; fileRef = 90AE7A382383B7D60015E665 /* Lot.swift */; };
/* End PBXBuildFile section */

/* Begin PBXFileReference section */
		18E428D17F2A44DD7E10F6BF /* Pods-CornellParking.debug.xcconfig */ = {isa = PBXFileReference; includeInIndex = 1; lastKnownFileType = text.xcconfig; name = "Pods-CornellParking.debug.xcconfig"; path = "Target Support Files/Pods-CornellParking/Pods-CornellParking.debug.xcconfig"; sourceTree = "<group>"; };
		344B8D36C3077DADE0C3B282 /* Pods-CornellParking.release.xcconfig */ = {isa = PBXFileReference; includeInIndex = 1; lastKnownFileType = text.xcconfig; name = "Pods-CornellParking.release.xcconfig"; path = "Target Support Files/Pods-CornellParking/Pods-CornellParking.release.xcconfig"; sourceTree = "<group>"; };
		5C941A82D1C1A89ABBF4080D /* Pods_CornellParking.framework */ = {isa = PBXFileReference; explicitFileType = wrapper.framework; includeInIndex = 0; path = Pods_CornellParking.framework; sourceTree = BUILT_PRODUCTS_DIR; };
		904E3A992383BBF1003DC3FC /* NetworkManager.swift */ = {isa = PBXFileReference; lastKnownFileType = sourcecode.swift; path = NetworkManager.swift; sourceTree = "<group>"; };
		904E3A9C2383BD3D003DC3FC /* Coordinator.swift */ = {isa = PBXFileReference; lastKnownFileType = sourcecode.swift; path = Coordinator.swift; sourceTree = "<group>"; };
		904E3A9E2383BE50003DC3FC /* MainCoordinator.swift */ = {isa = PBXFileReference; lastKnownFileType = sourcecode.swift; path = MainCoordinator.swift; sourceTree = "<group>"; };
		9081FC572383C88F00332E22 /* RoundedButton.swift */ = {isa = PBXFileReference; lastKnownFileType = sourcecode.swift; path = RoundedButton.swift; sourceTree = "<group>"; };
		90A219592381FE87003027A9 /* CornellParking.app */ = {isa = PBXFileReference; explicitFileType = wrapper.application; includeInIndex = 0; path = CornellParking.app; sourceTree = BUILT_PRODUCTS_DIR; };
		90A2195C2381FE87003027A9 /* AppDelegate.swift */ = {isa = PBXFileReference; lastKnownFileType = sourcecode.swift; path = AppDelegate.swift; sourceTree = "<group>"; };
		90A219622381FE8D003027A9 /* Assets.xcassets */ = {isa = PBXFileReference; lastKnownFileType = folder.assetcatalog; path = Assets.xcassets; sourceTree = "<group>"; };
		90A219652381FE8D003027A9 /* Preview Assets.xcassets */ = {isa = PBXFileReference; lastKnownFileType = folder.assetcatalog; path = "Preview Assets.xcassets"; sourceTree = "<group>"; };
		90A219682381FE8D003027A9 /* Base */ = {isa = PBXFileReference; lastKnownFileType = file.storyboard; name = Base; path = Base.lproj/LaunchScreen.storyboard; sourceTree = "<group>"; };
		90A2196A2381FE8D003027A9 /* Info.plist */ = {isa = PBXFileReference; lastKnownFileType = text.plist.xml; path = Info.plist; sourceTree = "<group>"; };
		90AE7A332383B6B40015E665 /* SelectLotViewController.swift */ = {isa = PBXFileReference; lastKnownFileType = sourcecode.swift; path = SelectLotViewController.swift; sourceTree = "<group>"; };
		90AE7A362383B7BF0015E665 /* LotCollectionViewCell.swift */ = {isa = PBXFileReference; lastKnownFileType = sourcecode.swift; path = LotCollectionViewCell.swift; sourceTree = "<group>"; };
		90AE7A382383B7D60015E665 /* Lot.swift */ = {isa = PBXFileReference; lastKnownFileType = sourcecode.swift; path = Lot.swift; sourceTree = "<group>"; };
/* End PBXFileReference section */

/* Begin PBXFrameworksBuildPhase section */
		90A219562381FE87003027A9 /* Frameworks */ = {
			isa = PBXFrameworksBuildPhase;
			buildActionMask = 2147483647;
			files = (
				717BB4E24BD8FDBEFC1E20BA /* Pods_CornellParking.framework in Frameworks */,
			);
			runOnlyForDeploymentPostprocessing = 0;
		};
/* End PBXFrameworksBuildPhase section */

/* Begin PBXGroup section */
		0573455F117CB98971DB6E85 /* Frameworks */ = {
			isa = PBXGroup;
			children = (
				5C941A82D1C1A89ABBF4080D /* Pods_CornellParking.framework */,
			);
			name = Frameworks;
			sourceTree = "<group>";
		};
		11779BC52FD145D2F45D42F3 /* Pods */ = {
			isa = PBXGroup;
			children = (
				18E428D17F2A44DD7E10F6BF /* Pods-CornellParking.debug.xcconfig */,
				344B8D36C3077DADE0C3B282 /* Pods-CornellParking.release.xcconfig */,
			);
			path = Pods;
			sourceTree = "<group>";
		};
		904E3A9B2383BD27003DC3FC /* Coordinators */ = {
			isa = PBXGroup;
			children = (
				904E3A9C2383BD3D003DC3FC /* Coordinator.swift */,
				904E3A9E2383BE50003DC3FC /* MainCoordinator.swift */,
			);
			path = Coordinators;
			sourceTree = "<group>";
		};
		90A219502381FE87003027A9 = {
			isa = PBXGroup;
			children = (
				90A2195B2381FE87003027A9 /* CornellParking */,
				90A2195A2381FE87003027A9 /* Products */,
				11779BC52FD145D2F45D42F3 /* Pods */,
				0573455F117CB98971DB6E85 /* Frameworks */,
			);
			sourceTree = "<group>";
		};
		90A2195A2381FE87003027A9 /* Products */ = {
			isa = PBXGroup;
			children = (
				90A219592381FE87003027A9 /* CornellParking.app */,
			);
			name = Products;
			sourceTree = "<group>";
		};
		90A2195B2381FE87003027A9 /* CornellParking */ = {
			isa = PBXGroup;
			children = (
				904E3A9B2383BD27003DC3FC /* Coordinators */,
				90AE7A352383B7A60015E665 /* Components */,
				90AE7A322383B69A0015E665 /* Views */,
				90AE7A302383AA3D0015E665 /* Models */,
				90A2195C2381FE87003027A9 /* AppDelegate.swift */,
				90A219622381FE8D003027A9 /* Assets.xcassets */,
				90A219672381FE8D003027A9 /* LaunchScreen.storyboard */,
				90A2196A2381FE8D003027A9 /* Info.plist */,
				90A219642381FE8D003027A9 /* Preview Content */,
				904E3A992383BBF1003DC3FC /* NetworkManager.swift */,
			);
			path = CornellParking;
			sourceTree = "<group>";
		};
		90A219642381FE8D003027A9 /* Preview Content */ = {
			isa = PBXGroup;
			children = (
				90A219652381FE8D003027A9 /* Preview Assets.xcassets */,
			);
			path = "Preview Content";
			sourceTree = "<group>";
		};
		90AE7A302383AA3D0015E665 /* Models */ = {
			isa = PBXGroup;
			children = (
				90AE7A382383B7D60015E665 /* Lot.swift */,
			);
			path = Models;
			sourceTree = "<group>";
		};
		90AE7A322383B69A0015E665 /* Views */ = {
			isa = PBXGroup;
			children = (
				90AE7A332383B6B40015E665 /* SelectLotViewController.swift */,
			);
			path = Views;
			sourceTree = "<group>";
		};
		90AE7A352383B7A60015E665 /* Components */ = {
			isa = PBXGroup;
			children = (
				90AE7A362383B7BF0015E665 /* LotCollectionViewCell.swift */,
				9081FC572383C88F00332E22 /* RoundedButton.swift */,
			);
			path = Components;
			sourceTree = "<group>";
		};
/* End PBXGroup section */

/* Begin PBXNativeTarget section */
		90A219582381FE87003027A9 /* CornellParking */ = {
			isa = PBXNativeTarget;
			buildConfigurationList = 90A2196D2381FE8D003027A9 /* Build configuration list for PBXNativeTarget "CornellParking" */;
			buildPhases = (
				96D4CDCD2AF309A27E113A14 /* [CP] Check Pods Manifest.lock */,
				90A219552381FE87003027A9 /* Sources */,
				90A219562381FE87003027A9 /* Frameworks */,
				90A219572381FE87003027A9 /* Resources */,
				D1D91EF55602F97B22B334FC /* [CP] Embed Pods Frameworks */,
			);
			buildRules = (
			);
			dependencies = (
			);
			name = CornellParking;
			productName = CornellParking;
			productReference = 90A219592381FE87003027A9 /* CornellParking.app */;
			productType = "com.apple.product-type.application";
		};
/* End PBXNativeTarget section */

/* Begin PBXProject section */
		90A219512381FE87003027A9 /* Project object */ = {
			isa = PBXProject;
			attributes = {
				LastSwiftUpdateCheck = 1110;
				LastUpgradeCheck = 1110;
				ORGANIZATIONNAME = "Scott Wang";
				TargetAttributes = {
					90A219582381FE87003027A9 = {
						CreatedOnToolsVersion = 11.1;
					};
				};
			};
			buildConfigurationList = 90A219542381FE87003027A9 /* Build configuration list for PBXProject "CornellParking" */;
			compatibilityVersion = "Xcode 9.3";
			developmentRegion = en;
			hasScannedForEncodings = 0;
			knownRegions = (
				en,
				Base,
			);
			mainGroup = 90A219502381FE87003027A9;
			productRefGroup = 90A2195A2381FE87003027A9 /* Products */;
			projectDirPath = "";
			projectRoot = "";
			targets = (
				90A219582381FE87003027A9 /* CornellParking */,
			);
		};
/* End PBXProject section */

/* Begin PBXResourcesBuildPhase section */
		90A219572381FE87003027A9 /* Resources */ = {
			isa = PBXResourcesBuildPhase;
			buildActionMask = 2147483647;
			files = (
				90A219692381FE8D003027A9 /* LaunchScreen.storyboard in Resources */,
				90A219662381FE8D003027A9 /* Preview Assets.xcassets in Resources */,
				90A219632381FE8D003027A9 /* Assets.xcassets in Resources */,
			);
			runOnlyForDeploymentPostprocessing = 0;
		};
/* End PBXResourcesBuildPhase section */

/* Begin PBXShellScriptBuildPhase section */
		96D4CDCD2AF309A27E113A14 /* [CP] Check Pods Manifest.lock */ = {
			isa = PBXShellScriptBuildPhase;
			buildActionMask = 2147483647;
			files = (
			);
			inputFileListPaths = (
			);
			inputPaths = (
				"${PODS_PODFILE_DIR_PATH}/Podfile.lock",
				"${PODS_ROOT}/Manifest.lock",
			);
			name = "[CP] Check Pods Manifest.lock";
			outputFileListPaths = (
			);
			outputPaths = (
				"$(DERIVED_FILE_DIR)/Pods-CornellParking-checkManifestLockResult.txt",
			);
			runOnlyForDeploymentPostprocessing = 0;
			shellPath = /bin/sh;
			shellScript = "diff \"${PODS_PODFILE_DIR_PATH}/Podfile.lock\" \"${PODS_ROOT}/Manifest.lock\" > /dev/null\nif [ $? != 0 ] ; then\n    # print error to STDERR\n    echo \"error: The sandbox is not in sync with the Podfile.lock. Run 'pod install' or update your CocoaPods installation.\" >&2\n    exit 1\nfi\n# This output is used by Xcode 'outputs' to avoid re-running this script phase.\necho \"SUCCESS\" > \"${SCRIPT_OUTPUT_FILE_0}\"\n";
			showEnvVarsInLog = 0;
		};
		D1D91EF55602F97B22B334FC /* [CP] Embed Pods Frameworks */ = {
			isa = PBXShellScriptBuildPhase;
			buildActionMask = 2147483647;
			files = (
			);
			inputFileListPaths = (
				"${PODS_ROOT}/Target Support Files/Pods-CornellParking/Pods-CornellParking-frameworks-${CONFIGURATION}-input-files.xcfilelist",
			);
			name = "[CP] Embed Pods Frameworks";
			outputFileListPaths = (
				"${PODS_ROOT}/Target Support Files/Pods-CornellParking/Pods-CornellParking-frameworks-${CONFIGURATION}-output-files.xcfilelist",
			);
			runOnlyForDeploymentPostprocessing = 0;
			shellPath = /bin/sh;
			shellScript = "\"${PODS_ROOT}/Target Support Files/Pods-CornellParking/Pods-CornellParking-frameworks.sh\"\n";
			showEnvVarsInLog = 0;
		};
/* End PBXShellScriptBuildPhase section */

/* Begin PBXSourcesBuildPhase section */
		90A219552381FE87003027A9 /* Sources */ = {
			isa = PBXSourcesBuildPhase;
			buildActionMask = 2147483647;
			files = (
				90AE7A342383B6B40015E665 /* SelectLotViewController.swift in Sources */,
				904E3A9F2383BE50003DC3FC /* MainCoordinator.swift in Sources */,
				90AE7A372383B7BF0015E665 /* LotCollectionViewCell.swift in Sources */,
				9081FC582383C88F00332E22 /* RoundedButton.swift in Sources */,
				904E3A9D2383BD3D003DC3FC /* Coordinator.swift in Sources */,
				904E3A9A2383BBF1003DC3FC /* NetworkManager.swift in Sources */,
				90A2195D2381FE87003027A9 /* AppDelegate.swift in Sources */,
				90AE7A392383B7D60015E665 /* Lot.swift in Sources */,
			);
			runOnlyForDeploymentPostprocessing = 0;
		};
/* End PBXSourcesBuildPhase section */

/* Begin PBXVariantGroup section */
		90A219672381FE8D003027A9 /* LaunchScreen.storyboard */ = {
			isa = PBXVariantGroup;
			children = (
				90A219682381FE8D003027A9 /* Base */,
			);
			name = LaunchScreen.storyboard;
			sourceTree = "<group>";
		};
/* End PBXVariantGroup section */

/* Begin XCBuildConfiguration section */
		90A2196B2381FE8D003027A9 /* Debug */ = {
			isa = XCBuildConfiguration;
			buildSettings = {
				ALWAYS_SEARCH_USER_PATHS = NO;
				CLANG_ANALYZER_NONNULL = YES;
				CLANG_ANALYZER_NUMBER_OBJECT_CONVERSION = YES_AGGRESSIVE;
				CLANG_CXX_LANGUAGE_STANDARD = "gnu++14";
				CLANG_CXX_LIBRARY = "libc++";
				CLANG_ENABLE_MODULES = YES;
				CLANG_ENABLE_OBJC_ARC = YES;
				CLANG_ENABLE_OBJC_WEAK = YES;
				CLANG_WARN_BLOCK_CAPTURE_AUTORELEASING = YES;
				CLANG_WARN_BOOL_CONVERSION = YES;
				CLANG_WARN_COMMA = YES;
				CLANG_WARN_CONSTANT_CONVERSION = YES;
				CLANG_WARN_DEPRECATED_OBJC_IMPLEMENTATIONS = YES;
				CLANG_WARN_DIRECT_OBJC_ISA_USAGE = YES_ERROR;
				CLANG_WARN_DOCUMENTATION_COMMENTS = YES;
				CLANG_WARN_EMPTY_BODY = YES;
				CLANG_WARN_ENUM_CONVERSION = YES;
				CLANG_WARN_INFINITE_RECURSION = YES;
				CLANG_WARN_INT_CONVERSION = YES;
				CLANG_WARN_NON_LITERAL_NULL_CONVERSION = YES;
				CLANG_WARN_OBJC_IMPLICIT_RETAIN_SELF = YES;
				CLANG_WARN_OBJC_LITERAL_CONVERSION = YES;
				CLANG_WARN_OBJC_ROOT_CLASS = YES_ERROR;
				CLANG_WARN_RANGE_LOOP_ANALYSIS = YES;
				CLANG_WARN_STRICT_PROTOTYPES = YES;
				CLANG_WARN_SUSPICIOUS_MOVE = YES;
				CLANG_WARN_UNGUARDED_AVAILABILITY = YES_AGGRESSIVE;
				CLANG_WARN_UNREACHABLE_CODE = YES;
				CLANG_WARN__DUPLICATE_METHOD_MATCH = YES;
				COPY_PHASE_STRIP = NO;
				DEBUG_INFORMATION_FORMAT = dwarf;
				ENABLE_STRICT_OBJC_MSGSEND = YES;
				ENABLE_TESTABILITY = YES;
				GCC_C_LANGUAGE_STANDARD = gnu11;
				GCC_DYNAMIC_NO_PIC = NO;
				GCC_NO_COMMON_BLOCKS = YES;
				GCC_OPTIMIZATION_LEVEL = 0;
				GCC_PREPROCESSOR_DEFINITIONS = (
					"DEBUG=1",
					"$(inherited)",
				);
				GCC_WARN_64_TO_32_BIT_CONVERSION = YES;
				GCC_WARN_ABOUT_RETURN_TYPE = YES_ERROR;
				GCC_WARN_UNDECLARED_SELECTOR = YES;
				GCC_WARN_UNINITIALIZED_AUTOS = YES_AGGRESSIVE;
				GCC_WARN_UNUSED_FUNCTION = YES;
				GCC_WARN_UNUSED_VARIABLE = YES;
				IPHONEOS_DEPLOYMENT_TARGET = 13.1;
				MTL_ENABLE_DEBUG_INFO = INCLUDE_SOURCE;
				MTL_FAST_MATH = YES;
				ONLY_ACTIVE_ARCH = YES;
				SDKROOT = iphoneos;
				SWIFT_ACTIVE_COMPILATION_CONDITIONS = DEBUG;
				SWIFT_OPTIMIZATION_LEVEL = "-Onone";
			};
			name = Debug;
		};
		90A2196C2381FE8D003027A9 /* Release */ = {
			isa = XCBuildConfiguration;
			buildSettings = {
				ALWAYS_SEARCH_USER_PATHS = NO;
				CLANG_ANALYZER_NONNULL = YES;
				CLANG_ANALYZER_NUMBER_OBJECT_CONVERSION = YES_AGGRESSIVE;
				CLANG_CXX_LANGUAGE_STANDARD = "gnu++14";
				CLANG_CXX_LIBRARY = "libc++";
				CLANG_ENABLE_MODULES = YES;
				CLANG_ENABLE_OBJC_ARC = YES;
				CLANG_ENABLE_OBJC_WEAK = YES;
				CLANG_WARN_BLOCK_CAPTURE_AUTORELEASING = YES;
				CLANG_WARN_BOOL_CONVERSION = YES;
				CLANG_WARN_COMMA = YES;
				CLANG_WARN_CONSTANT_CONVERSION = YES;
				CLANG_WARN_DEPRECATED_OBJC_IMPLEMENTATIONS = YES;
				CLANG_WARN_DIRECT_OBJC_ISA_USAGE = YES_ERROR;
				CLANG_WARN_DOCUMENTATION_COMMENTS = YES;
				CLANG_WARN_EMPTY_BODY = YES;
				CLANG_WARN_ENUM_CONVERSION = YES;
				CLANG_WARN_INFINITE_RECURSION = YES;
				CLANG_WARN_INT_CONVERSION = YES;
				CLANG_WARN_NON_LITERAL_NULL_CONVERSION = YES;
				CLANG_WARN_OBJC_IMPLICIT_RETAIN_SELF = YES;
				CLANG_WARN_OBJC_LITERAL_CONVERSION = YES;
				CLANG_WARN_OBJC_ROOT_CLASS = YES_ERROR;
				CLANG_WARN_RANGE_LOOP_ANALYSIS = YES;
				CLANG_WARN_STRICT_PROTOTYPES = YES;
				CLANG_WARN_SUSPICIOUS_MOVE = YES;
				CLANG_WARN_UNGUARDED_AVAILABILITY = YES_AGGRESSIVE;
				CLANG_WARN_UNREACHABLE_CODE = YES;
				CLANG_WARN__DUPLICATE_METHOD_MATCH = YES;
				COPY_PHASE_STRIP = NO;
				DEBUG_INFORMATION_FORMAT = "dwarf-with-dsym";
				ENABLE_NS_ASSERTIONS = NO;
				ENABLE_STRICT_OBJC_MSGSEND = YES;
				GCC_C_LANGUAGE_STANDARD = gnu11;
				GCC_NO_COMMON_BLOCKS = YES;
				GCC_WARN_64_TO_32_BIT_CONVERSION = YES;
				GCC_WARN_ABOUT_RETURN_TYPE = YES_ERROR;
				GCC_WARN_UNDECLARED_SELECTOR = YES;
				GCC_WARN_UNINITIALIZED_AUTOS = YES_AGGRESSIVE;
				GCC_WARN_UNUSED_FUNCTION = YES;
				GCC_WARN_UNUSED_VARIABLE = YES;
				IPHONEOS_DEPLOYMENT_TARGET = 13.1;
				MTL_ENABLE_DEBUG_INFO = NO;
				MTL_FAST_MATH = YES;
				SDKROOT = iphoneos;
				SWIFT_COMPILATION_MODE = wholemodule;
				SWIFT_OPTIMIZATION_LEVEL = "-O";
				VALIDATE_PRODUCT = YES;
			};
			name = Release;
		};
		90A2196E2381FE8D003027A9 /* Debug */ = {
			isa = XCBuildConfiguration;
			baseConfigurationReference = 18E428D17F2A44DD7E10F6BF /* Pods-CornellParking.debug.xcconfig */;
			buildSettings = {
				ASSETCATALOG_COMPILER_APPICON_NAME = AppIcon;
				CODE_SIGN_STYLE = Automatic;
				DEVELOPMENT_ASSET_PATHS = "\"CornellParking/Preview Content\"";
				DEVELOPMENT_TEAM = 2PK9BBTWWH;
				ENABLE_PREVIEWS = YES;
				INFOPLIST_FILE = CornellParking/Info.plist;
				LD_RUNPATH_SEARCH_PATHS = (
					"$(inherited)",
					"@executable_path/Frameworks",
				);
				PRODUCT_BUNDLE_IDENTIFIER = com.scott.CornellParking;
				PRODUCT_NAME = "$(TARGET_NAME)";
				SWIFT_VERSION = 5.0;
				TARGETED_DEVICE_FAMILY = "1,2";
			};
			name = Debug;
		};
		90A2196F2381FE8D003027A9 /* Release */ = {
			isa = XCBuildConfiguration;
			baseConfigurationReference = 344B8D36C3077DADE0C3B282 /* Pods-CornellParking.release.xcconfig */;
			buildSettings = {
				ASSETCATALOG_COMPILER_APPICON_NAME = AppIcon;
				CODE_SIGN_STYLE = Automatic;
				DEVELOPMENT_ASSET_PATHS = "\"CornellParking/Preview Content\"";
				DEVELOPMENT_TEAM = 2PK9BBTWWH;
				ENABLE_PREVIEWS = YES;
				INFOPLIST_FILE = CornellParking/Info.plist;
				LD_RUNPATH_SEARCH_PATHS = (
					"$(inherited)",
					"@executable_path/Frameworks",
				);
				PRODUCT_BUNDLE_IDENTIFIER = com.scott.CornellParking;
				PRODUCT_NAME = "$(TARGET_NAME)";
				SWIFT_VERSION = 5.0;
				TARGETED_DEVICE_FAMILY = "1,2";
			};
			name = Release;
		};
/* End XCBuildConfiguration section */

/* Begin XCConfigurationList section */
		90A219542381FE87003027A9 /* Build configuration list for PBXProject "CornellParking" */ = {
			isa = XCConfigurationList;
			buildConfigurations = (
				90A2196B2381FE8D003027A9 /* Debug */,
				90A2196C2381FE8D003027A9 /* Release */,
			);
			defaultConfigurationIsVisible = 0;
			defaultConfigurationName = Release;
		};
		90A2196D2381FE8D003027A9 /* Build configuration list for PBXNativeTarget "CornellParking" */ = {
			isa = XCConfigurationList;
			buildConfigurations = (
				90A2196E2381FE8D003027A9 /* Debug */,
				90A2196F2381FE8D003027A9 /* Release */,
			);
			defaultConfigurationIsVisible = 0;
			defaultConfigurationName = Release;
		};
/* End XCConfigurationList section */
	};
	rootObject = 90A219512381FE87003027A9 /* Project object */;
}
